Microsoft Visual Studio Solution File, Format Version 12.00
# Visual Studio Version 17
VisualStudioVersion = 17.5.2.0
MinimumVisualStudioVersion = 10.0.40219.1
Project("{FAE04EC0-301F-11D3-BF4B-00C04F79EFBC}") = "TaskManagement", "TaskManagement\TaskManagement.csproj", "{0573BCCE-F888-C21E-FEEE-4567D6F83AEF}"
EndProject
Global
	GlobalSection(SolutionConfigurationPlatforms) = preSolution
		Debug|Any CPU = Debug|Any CPU
		Release|Any CPU = Release|Any CPU
	EndGlobalSection
	GlobalSection(ProjectConfigurationPlatforms) = postSolution
		{0573BCCE-F888-C21E-FEEE-4567D6F83AEF}.Debug|Any CPU.ActiveCfg = Debug|Any CPU
		{0573BCCE-F888-C21E-FEEE-4567D6F83AEF}.Debug|Any CPU.Build.0 = Debug|Any CPU
		{0573BCCE-F888-C21E-FEEE-4567D6F83AEF}.Release|Any CPU.ActiveCfg = Release|Any CPU
		{0573BCCE-F888-C21E-FEEE-4567D6F83AEF}.Release|Any CPU.Build.0 = Release|Any CPU
	EndGlobalSection
	GlobalSection(SolutionProperties) = preSolution
		HideSolutionNode = FALSE
	EndGlobalSection
	GlobalSection(ExtensibilityGlobals) = postSolution
		SolutionGuid = {2C25F137-87E9-4531-BF1A-93E4C047099D}
	EndGlobalSection
EndGlobal
